
Microsoft Visual Studio Solution File, Format Version 12.00
Project("{FAE04EC0-301F-11D3-BF4B-00C04F79EFBC}") = "Ordinacia", "Ordinacia\Ordinacia.csproj", "{0660B4E6-8F11-4A33-9E2F-FECEB6E83890}"
EndProject
Global
	GlobalSection(SolutionConfigurationPlatforms) = preSolution
		Debug|Any CPU = Debug|Any CPU
		Release|Any CPU = Release|Any CPU
	EndGlobalSection
	GlobalSection(ProjectConfigurationPlatforms) = postSolution
		{0660B4E6-8F11-4A33-9E2F-FECEB6E83890}.Debug|Any CPU.ActiveCfg = Debug|Any CPU
		{0660B4E6-8F11-4A33-9E2F-FECEB6E83890}.Debug|Any CPU.Build.0 = Debug|Any CPU
		{0660B4E6-8F11-4A33-9E2F-FECEB6E83890}.Release|Any CPU.ActiveCfg = Release|Any CPU
		{0660B4E6-8F11-4A33-9E2F-FECEB6E83890}.Release|Any CPU.Build.0 = Release|Any CPU
	EndGlobalSection
EndGlobal
